schema: '2.0'
stages:
  prepare:
    cmd: python pipeline/prepare.py dataset/MaternalHealthRiskDataSet.csv
    deps:
    - path: dataset/MaternalHealthRiskDataSet.csv
      hash: md5
      md5: 4cde51d809a06974ea67493dc6721d29
      size: 29275
    params:
      params.yaml:
        prepare.seed: 42
        prepare.train_split: 0.2
    outs:
    - path: data/prepared
      hash: md5
      md5: 2e21bce9d2bf4cd582e64da3d040fd0c.dir
      size: 32079
      nfiles: 2
  preprocess:
    cmd: python pipeline/preprocess.py data/prepared data/preprocessed
    deps:
    - path: data/prepared
      hash: md5
      md5: 2e21bce9d2bf4cd582e64da3d040fd0c.dir
      size: 32079
      nfiles: 2
    params:
      params.yaml:
        version_label: '0.1'
    outs:
    - path: data/preprocessed
      hash: md5
      md5: f7139fb37449100ca5e1a909fc577561.dir
      size: 100190
      nfiles: 4
  train_knn:
    cmd: python pipeline/training/train_knn.py data/preprocessed model
    deps:
    - path: data/preprocessed/test.csv
      hash: md5
      md5: c3a24f2bfa1a4555571785072b6f1cf7
      size: 19718
    - path: data/preprocessed/train.csv
      hash: md5
      md5: 78e2cf012ab583fe0e8f0b80c9dd225e
      size: 79342
    - path: pipeline/training/train_knn.py
      hash: md5
      md5: 71712d655659dff8050651569c13fd12
      size: 3279
    params:
      params.yaml:
        mlflow.experiment_name: MaternalHealthRisk_V8
        mlflow.tracking_uri: http://127.0.0.1:5000
        train_knn.n_neighbors:
        - 3
        - 8
        - 21
        train_knn.p:
        - 1
        - 2
        train_knn.seed: 42
        train_knn.weights:
        - uniform
        - distance
        version_label: '0.1'
    outs:
    - path: model/knn_model.pkl
      hash: md5
      md5: c06aca3f590211c483ce005f57667bd0
      size: 96630
  train_decision_tree:
    cmd: python pipeline/training/train_decisiontree.py data/preprocessed model
    deps:
    - path: data/preprocessed/test.csv
      hash: md5
      md5: c3a24f2bfa1a4555571785072b6f1cf7
      size: 19718
    - path: data/preprocessed/train.csv
      hash: md5
      md5: 78e2cf012ab583fe0e8f0b80c9dd225e
      size: 79342
    - path: pipeline/training/train_decisiontree.py
      hash: md5
      md5: 0e79302ef339f743b131472189261d8c
      size: 4751
    params:
      params.yaml:
        mlflow.experiment_name: MaternalHealthRisk_V8
        mlflow.tracking_uri: http://127.0.0.1:5000
        train_decision_tree.criterion:
        - gini
        - entropy
        train_decision_tree.max_depth:
        - 4
        - 6
        - 8
        - 10
        - 12
        train_decision_tree.min_samples_split:
        - 2
        - 4
        train_decision_tree.seed: 42
        version_label: '0.1'
    outs:
    - path: model/decision_tree_model.pkl
      hash: md5
      md5: 14fe5164d3f15968c6169b4c5fae0869
      size: 19185
  evaluate:
    cmd: python pipeline/evaluate.py data/preprocessed model
    deps:
    - path: data/preprocessed/test.csv
      hash: md5
      md5: 060ff3c090006e219c5db19717655941
      size: 19452
    - path: model/decision_tree_model.pkl
      hash: md5
      md5: fef10ef993de899456ffef5fa25e6bb6
      size: 22561
    - path: model/knn_model.pkl
      hash: md5
      md5: 627acd66b55c6795fc3817634f629c5c
      size: 96630
    - path: model/random_forest_model.pkl
      hash: md5
      md5: 6f975f376691e7623561beb2d30be255
      size: 857713
    - path: pipeline/evaluate.py
      hash: md5
      md5: ea577921d9671d74fd0a41b242645390
      size: 2071
  train_random_forest:
    cmd: python pipeline/training/train_random_forest.py data/preprocessed model
    deps:
    - path: data/preprocessed/test.csv
      hash: md5
      md5: c3a24f2bfa1a4555571785072b6f1cf7
      size: 19718
    - path: data/preprocessed/train.csv
      hash: md5
      md5: 78e2cf012ab583fe0e8f0b80c9dd225e
      size: 79342
    - path: pipeline/training/train_random_forest.py
      hash: md5
      md5: 9be9267622ed9ad035e0b393b444886e
      size: 4360
    params:
      params.yaml:
        mlflow.experiment_name: MaternalHealthRisk_V8
        mlflow.tracking_uri: http://127.0.0.1:5000
        train_random_forest.criterion:
        - gini
        - entropy
        - log_loss
        train_random_forest.max_depth:
        - 4
        - 6
        - 8
        - 10
        - 12
        train_random_forest.max_features:
        - 10
        - 20
        - 30
        - 40
        train_random_forest.min_samples_leaf:
        - 1
        - 2
        - 4
        train_random_forest.n_estimators:
        - 50
        - 100
        - 250
        - 500
        train_random_forest.seed: 42
        version_label: '0.1'
    outs:
    - path: model/random_forest_model.pkl
      hash: md5
      md5: 6dc8cdd8832afd4da0957958ca2680a7
      size: 9427681
  evaluate_knn:
    cmd: python pipeline/evaluate.py data/preprocessed model knn_model
    deps:
    - path: data/preprocessed/test.csv
      hash: md5
      md5: c3a24f2bfa1a4555571785072b6f1cf7
      size: 19718
    - path: model/knn_model.pkl
      hash: md5
      md5: c06aca3f590211c483ce005f57667bd0
      size: 96630
    - path: pipeline/evaluate.py
      hash: md5
      md5: 7765f6fd4d88d0ff6bedcc8896578c05
      size: 1811
  evaluate_decision_tree:
    cmd: python pipeline/evaluate.py data/preprocessed model decision_tree_model
    deps:
    - path: data/preprocessed/test.csv
      hash: md5
      md5: c3a24f2bfa1a4555571785072b6f1cf7
      size: 19718
    - path: model/decision_tree_model.pkl
      hash: md5
      md5: 14fe5164d3f15968c6169b4c5fae0869
      size: 19185
    - path: pipeline/evaluate.py
      hash: md5
      md5: 7765f6fd4d88d0ff6bedcc8896578c05
      size: 1811
  evaluate_random_forest:
    cmd: python pipeline/evaluate.py data/preprocessed model random_forest_model
    deps:
    - path: data/preprocessed/test.csv
      hash: md5
      md5: c3a24f2bfa1a4555571785072b6f1cf7
      size: 19718
    - path: model/random_forest_model.pkl
      hash: md5
      md5: 6dc8cdd8832afd4da0957958ca2680a7
      size: 9427681
    - path: pipeline/evaluate.py
      hash: md5
      md5: 7765f6fd4d88d0ff6bedcc8896578c05
      size: 1811
  train_svm:
    cmd: python pipeline/training/train_svm.py data/preprocessed model
    deps:
    - path: data/preprocessed/test.csv
      hash: md5
      md5: c3a24f2bfa1a4555571785072b6f1cf7
      size: 19718
    - path: data/preprocessed/train.csv
      hash: md5
      md5: 78e2cf012ab583fe0e8f0b80c9dd225e
      size: 79342
    - path: pipeline/training/train_svm.py
      hash: md5
      md5: 6e491258ea0a1bdb5b2d215d3d4c1138
      size: 3911
    params:
      params.yaml:
        mlflow.experiment_name: MaternalHealthRisk_V8
        mlflow.tracking_uri: http://127.0.0.1:5000
        train_svm.C:
        - 0.1
        - 1
        - 10
        train_svm.gamma:
        - scale
        - auto
        train_svm.kernel:
        - linear
        - rbf
        train_svm.seed: 42
        version_label: '0.1'
    outs:
    - path: model/svm_model.pkl
      hash: md5
      md5: fee9c4709f79563fd33d9ac10172fb50
      size: 51347
  evaluate_svm:
    cmd: python pipeline/evaluate.py data/preprocessed model svm_model
    deps:
    - path: data/preprocessed/test.csv
      hash: md5
      md5: c3a24f2bfa1a4555571785072b6f1cf7
      size: 19718
    - path: model/svm_model.pkl
      hash: md5
      md5: fee9c4709f79563fd33d9ac10172fb50
      size: 51347
    - path: pipeline/evaluate.py
      hash: md5
      md5: 7765f6fd4d88d0ff6bedcc8896578c05
      size: 1811
  train_logistic:
    cmd: python pipeline/training/train_logistic.py data/preprocessed model
    deps:
    - path: data/preprocessed/test.csv
      hash: md5
      md5: c3a24f2bfa1a4555571785072b6f1cf7
      size: 19718
    - path: data/preprocessed/train.csv
      hash: md5
      md5: 78e2cf012ab583fe0e8f0b80c9dd225e
      size: 79342
    - path: pipeline/training/train_logistic.py
      hash: md5
      md5: 407a974abc47471ba4e626e4a96cd3fc
      size: 3226
    params:
      params.yaml:
        mlflow.experiment_name: MaternalHealthRisk_V8
        mlflow.tracking_uri: http://127.0.0.1:5000
        train_logistic.C:
        - 0.001
        - 0.01
        - 0.1
        - 1
        - 10
        - 100
        - 1000
        train_logistic.max_iter:
        - 100
        - 200
        - 300
        - 500
        train_logistic.seed: 42
        version_label: '0.1'
    outs:
    - path: model/logistic_model.pkl
      hash: md5
      md5: b5793a6650fa6e8b1c5d0740f75a68eb
      size: 1039
  train_xgboost:
    cmd: python pipeline/training/train_xgboost.py data/preprocessed model
    deps:
    - path: data/preprocessed/test.csv
      hash: md5
      md5: c3a24f2bfa1a4555571785072b6f1cf7
      size: 19718
    - path: data/preprocessed/train.csv
      hash: md5
      md5: 78e2cf012ab583fe0e8f0b80c9dd225e
      size: 79342
    - path: pipeline/training/train_xgboost.py
      hash: md5
      md5: 2f96be3ee5869ef34978ce9dda3da4be
      size: 3084
    params:
      params.yaml:
        mlflow.experiment_name: MaternalHealthRisk_V8
        mlflow.tracking_uri: http://127.0.0.1:5000
        train_xgboost.learning_rate:
        - 0.1
        - 0.01
        - 0.001
        train_xgboost.max_depth:
        - 3
        - 5
        - 7
        train_xgboost.scoring: accuracy
        train_xgboost.subsample:
        - 0.5
        - 0.7
        - 1
        version_label: '0.1'
    outs:
    - path: model/xgboost_model.pkl
      hash: md5
      md5: 2c4475ca6d6c54da285722b5841e1ac5
      size: 752591
  evaluate_logistic:
    cmd: python pipeline/evaluate.py data/preprocessed model logistic_model
    deps:
    - path: data/preprocessed/test.csv
      hash: md5
      md5: c3a24f2bfa1a4555571785072b6f1cf7
      size: 19718
    - path: model/logistic_model.pkl
      hash: md5
      md5: b5793a6650fa6e8b1c5d0740f75a68eb
      size: 1039
    - path: pipeline/evaluate.py
      hash: md5
      md5: 7765f6fd4d88d0ff6bedcc8896578c05
      size: 1811
  evaluate_xgboost:
    cmd: python pipeline/evaluate.py data/preprocessed model xgboost_model
    deps:
    - path: data/preprocessed/test.csv
      hash: md5
      md5: c3a24f2bfa1a4555571785072b6f1cf7
      size: 19718
    - path: model/xgboost_model.pkl
      hash: md5
      md5: 2c4475ca6d6c54da285722b5841e1ac5
      size: 752591
    - path: pipeline/evaluate.py
      hash: md5
      md5: 7765f6fd4d88d0ff6bedcc8896578c05
      size: 1811
